# THIS IS AN AUTOGENERATED FILE. DO NOT EDIT THIS FILE DIRECTLY.
# yarn lockfile v1


altai_center@^0.0.3:
  version "0.0.3"
  resolved "https://registry.yarnpkg.com/altai_center/-/altai_center-0.0.3.tgz#83c3a30aa6519e6b663bc0b2db99645f36a8da21"
  integrity sha512-X+WnrGat9HsQ+dw25ADvPLC10yE0xhLnRDbg+8e7iuLakQtLISksnb/gOnMVmqw02gIo57xk9Ul5nSt4UjX0jw==
  dependencies:
    jquery "^3.0"

altai_off@^1.0.0:
  version "1.0.6"
  resolved "https://registry.yarnpkg.com/altai_off/-/altai_off-1.0.6.tgz#a06b9953a13a403cbd139f21f2871951b658126c"
  integrity sha1-oGuZU6E6QDy9E58h8ocZUbZYEmw=
  dependencies:
    jquery "^3.0.0"

altai_sortable@^1.0.5:
  version "1.0.5"
  resolved "https://registry.yarnpkg.com/altai_sortable/-/altai_sortable-1.0.5.tgz#f3352772acc1be56d9f4399ac3812087c73b9da2"
  integrity sha512-ujN8jUXFaIwvMZuxxsmpyoDwR340WNCaPU0LChl/hxe4jh2xLQSmQsHgcyARpzkLGFF1tVLrf3OqFsXOqTuOHg==
  dependencies:
    jquery "^3.0"
    jquery-ui "^1.0"

featherlight@^1.7.13:
  version "1.7.13"
  resolved "https://registry.yarnpkg.com/featherlight/-/featherlight-1.7.13.tgz#500f53204ba7b5bb4650370dd94ae5965c556e94"
  integrity sha1-UA9TIEuntbtGUDcN2UrlllxVbpQ=

jquery-ui@^1.0, jquery-ui@^1.13.0:
  version "1.13.0"
  resolved "https://registry.yarnpkg.com/jquery-ui/-/jquery-ui-1.13.0.tgz#ab5ac65f37ca093c51b3478c4097f55bbc008f36"
  integrity sha512-Osf7ECXNTYHtKBkn9xzbIf9kifNrBhfywFEKxOeB/OVctVmLlouV9mfc2qXCp6uyO4Pn72PXKOnj09qXetopCw==
  dependencies:
    jquery ">=1.8.0 <4.0.0"

"jquery@>=1.8.0 <4.0.0", jquery@^3.0, jquery@^3.0.0:
  version "3.6.0"
  resolved "https://registry.yarnpkg.com/jquery/-/jquery-3.6.0.tgz#c72a09f15c1bdce142f49dbf1170bdf8adac2470"
  integrity sha512-JVzAR/AjBvVt2BmYhxRCSYysDsPcssdmTFnzyLEts9qNwmjmu4JTAMYubEfwVOSwpQ1I1sKKFcxhZCI2buerfw==

trix@^1.0.0:
  version "1.0.0"
  resolved "https://registry.yarnpkg.com/trix/-/trix-1.0.0.tgz#e9cc98cf6030c908f8d54e317b5b072f927b0c6b"
  integrity sha512-feli9QVXe6gzZOCUfpPGpNDURW9jMciIRVQ5gkDudOctcA1oMtI5K/qEbsL2rFCoGl1rSoeRt+HPhIFGyQscKg==
